
Microsoft Visual Studio Solution File, Format Version 12.00
# Visual Studio Version 17
VisualStudioVersion = 17.4.33205.214
MinimumVisualStudioVersion = 10.0.40219.1
Project("{FAE04EC0-301F-11D3-BF4B-00C04F79EFBC}") = "MI_API_REST", "MI_API_REST\MI_API_REST.csproj", "{689F6AB5-03C7-43E0-81EF-7F490F2F16FE}"
EndProject
Global
	GlobalSection(SolutionConfigurationPlatforms) = preSolution
		Debug|Any CPU = Debug|Any CPU
		Release|Any CPU = Release|Any CPU
	EndGlobalSection
	GlobalSection(ProjectConfigurationPlatforms) = postSolution
		{689F6AB5-03C7-43E0-81EF-7F490F2F16FE}.Debug|Any CPU.ActiveCfg = Debug|Any CPU
		{689F6AB5-03C7-43E0-81EF-7F490F2F16FE}.Debug|Any CPU.Build.0 = Debug|Any CPU
		{689F6AB5-03C7-43E0-81EF-7F490F2F16FE}.Release|Any CPU.ActiveCfg = Release|Any CPU
		{689F6AB5-03C7-43E0-81EF-7F490F2F16FE}.Release|Any CPU.Build.0 = Release|Any CPU
	EndGlobalSection
	GlobalSection(SolutionProperties) = preSolution
		HideSolutionNode = FALSE
	EndGlobalSection
	GlobalSection(ExtensibilityGlobals) = postSolution
		SolutionGuid = {5B1EDD92-98E0-4F25-A115-B26810E23679}
	EndGlobalSection
EndGlobal
